Microsoft Visual Studio Solution File, Format Version 12.00
# Visual Studio 2012
Project("{FAE04EC0-301F-11D3-BF4B-00C04F79EFBC}") = "MetaBoyGameTemplate", "MetaBoyGameTemplate.csproj", "{CA5600B4-4E97-4037-86BC-33DC304C04CD}"
EndProject
Global
	GlobalSection(SolutionConfigurationPlatforms) = preSolution
	Debug|Any CPU = Debug|Any CPU
	ExportDebug|Any CPU = ExportDebug|Any CPU
	ExportRelease|Any CPU = ExportRelease|Any CPU
	EndGlobalSection
	GlobalSection(ProjectConfigurationPlatforms) = postSolution
		{CA5600B4-4E97-4037-86BC-33DC304C04CD}.Debug|Any CPU.ActiveCfg = Debug|Any CPU
		{CA5600B4-4E97-4037-86BC-33DC304C04CD}.Debug|Any CPU.Build.0 = Debug|Any CPU
		{CA5600B4-4E97-4037-86BC-33DC304C04CD}.ExportDebug|Any CPU.ActiveCfg = ExportDebug|Any CPU
		{CA5600B4-4E97-4037-86BC-33DC304C04CD}.ExportDebug|Any CPU.Build.0 = ExportDebug|Any CPU
		{CA5600B4-4E97-4037-86BC-33DC304C04CD}.ExportRelease|Any CPU.ActiveCfg = ExportRelease|Any CPU
		{CA5600B4-4E97-4037-86BC-33DC304C04CD}.ExportRelease|Any CPU.Build.0 = ExportRelease|Any CPU
	EndGlobalSection
EndGlobal
